
Microsoft Visual Studio Solution File, Format Version 12.00
# Visual Studio Version 17
VisualStudioVersion = 17.7.34031.279
MinimumVisualStudioVersion = 10.0.40219.1
Project("{9A19103F-16F7-4668-BE54-9A1E7A4F7556}") = "MyVilla_VillaAPI", "MyVilla_VillaAPI\MyVilla_VillaAPI.csproj", "{54BF8ABE-A6C8-48A0-B7D9-C251A94C571E}"
EndProject
Project("{FAE04EC0-301F-11D3-BF4B-00C04F79EFBC}") = "MyVilla_Web", "MyVilla_Web\MyVilla_Web.csproj", "{E17AD24C-CBF2-47B5-BED6-485B2FDC7673}"
EndProject
Project("{FAE04EC0-301F-11D3-BF4B-00C04F79EFBC}") = "MyVilla_Utility", "MyVilla_Utility\MyVilla_Utility.csproj", "{F5E8061D-9386-464F-8F70-726BBDFE5755}"
EndProject
Global
	GlobalSection(SolutionConfigurationPlatforms) = preSolution
		Debug|Any CPU = Debug|Any CPU
		Release|Any CPU = Release|Any CPU
	EndGlobalSection
	GlobalSection(ProjectConfigurationPlatforms) = postSolution
		{54BF8ABE-A6C8-48A0-B7D9-C251A94C571E}.Debug|Any CPU.ActiveCfg = Debug|Any CPU
		{54BF8ABE-A6C8-48A0-B7D9-C251A94C571E}.Debug|Any CPU.Build.0 = Debug|Any CPU
		{54BF8ABE-A6C8-48A0-B7D9-C251A94C571E}.Release|Any CPU.ActiveCfg = Release|Any CPU
		{54BF8ABE-A6C8-48A0-B7D9-C251A94C571E}.Release|Any CPU.Build.0 = Release|Any CPU
		{E17AD24C-CBF2-47B5-BED6-485B2FDC7673}.Debug|Any CPU.ActiveCfg = Debug|Any CPU
		{E17AD24C-CBF2-47B5-BED6-485B2FDC7673}.Debug|Any CPU.Build.0 = Debug|Any CPU
		{E17AD24C-CBF2-47B5-BED6-485B2FDC7673}.Release|Any CPU.ActiveCfg = Release|Any CPU
		{E17AD24C-CBF2-47B5-BED6-485B2FDC7673}.Release|Any CPU.Build.0 = Release|Any CPU
		{F5E8061D-9386-464F-8F70-726BBDFE5755}.Debug|Any CPU.ActiveCfg = Debug|Any CPU
		{F5E8061D-9386-464F-8F70-726BBDFE5755}.Debug|Any CPU.Build.0 = Debug|Any CPU
		{F5E8061D-9386-464F-8F70-726BBDFE5755}.Release|Any CPU.ActiveCfg = Release|Any CPU
		{F5E8061D-9386-464F-8F70-726BBDFE5755}.Release|Any CPU.Build.0 = Release|Any CPU
	EndGlobalSection
	GlobalSection(SolutionProperties) = preSolution
		HideSolutionNode = FALSE
	EndGlobalSection
	GlobalSection(ExtensibilityGlobals) = postSolution
		SolutionGuid = {B881F6B4-65D2-4C90-AAC6-0E08D4FC54EB}
	EndGlobalSection
EndGlobal
